<?xml version="1.0" encoding="utf-8"?>
<Project ToolsVersion="4.0" xmlns="http://schemas.microsoft.com/developer/msbuild/2003">
  <ItemGroup>
    <Filter Include="源文件">
      <UniqueIdentifier>{4FC737F1-C7A5-4376-A066-2A32D752A2FF}</UniqueIdentifier>
      <Extensions>cpp;c;cc;cxx;def;odl;idl;hpj;bat;asm;asmx</Extensions>
    </Filter>
    <Filter Include="头文件">
      <UniqueIdentifier>{93995380-89BD-4b04-88EB-625FBE52EBFB}</UniqueIdentifier>
      <Extensions>h;hpp;hxx;hm;inl;inc;xsd</Extensions>
    </Filter>
    <Filter Include="资源文件">
      <UniqueIdentifier>{67DA6AB6-F800-4c08-8B7A-83BB121AAD01}</UniqueIdentifier>
      <Extensions>rc;ico;cur;bmp;dlg;rc2;rct;bin;rgs;gif;jpg;jpeg;jpe;resx;tiff;tif;png;wav;mfcribbon-ms</Extensions>
    </Filter>
  </ItemGroup>
  <ItemGroup>
    <Text Include="ReadMe.txt" />
  </ItemGroup>
  <ItemGroup>
    <ClInclude Include="Durian.h">
      <Filter>头文件</Filter>
    </ClInclude>
    <ClInclude Include="DurianDlg.h">
      <Filter>头文件</Filter>
    </ClInclude>
    <ClInclude Include="stdafx.h">
      <Filter>头文件</Filter>
    </ClInclude>
    <ClInclude Include="targetver.h">
      <Filter>头文件</Filter>
    </ClInclude>
    <ClInclude Include="Resource.h">
      <Filter>头文件</Filter>
    </ClInclude>
    <ClInclude Include="TabSheet.h">
      <Filter>头文件</Filter>
    </ClInclude>
    <ClInclude Include="ScrollDialog.h">
      <Filter>头文件</Filter>
    </ClInclude>
    <ClInclude Include="ControllerEdit.h">
      <Filter>头文件</Filter>
    </ClInclude>
    <ClInclude Include="User.h">
      <Filter>头文件</Filter>
    </ClInclude>
    <ClInclude Include="DatabaseADO.h">
      <Filter>头文件</Filter>
    </ClInclude>
    <ClInclude Include="LoginDlg.h">
      <Filter>头文件</Filter>
    </ClInclude>
    <ClInclude Include="RegisterDlg.h">
      <Filter>头文件</Filter>
    </ClInclude>
    <ClInclude Include="MasterStatic.h">
      <Filter>头文件</Filter>
    </ClInclude>
    <ClInclude Include="FileManage.h">
      <Filter>头文件</Filter>
    </ClInclude>
    <ClInclude Include="CreateItemDlg.h">
      <Filter>头文件</Filter>
    </ClInclude>
    <ClInclude Include="AddressDlg.h">
      <Filter>头文件</Filter>
    </ClInclude>
    <ClInclude Include="ItemDetailDlg.h">
      <Filter>头文件</Filter>
    </ClInclude>
    <ClInclude Include="CommentDlg.h">
      <Filter>头文件</Filter>
    </ClInclude>
    <ClInclude Include="AccountManageDlg.h">
      <Filter>头文件</Filter>
    </ClInclude>
    <ClInclude Include="AccountInfoDlg.h">
      <Filter>头文件</Filter>
    </ClInclude>
    <ClInclude Include="MessageDlg.h">
      <Filter>头文件</Filter>
    </ClInclude>
    <ClInclude Include="DurianButton.h">
      <Filter>头文件</Filter>
    </ClInclude>
    <ClInclude Include="RateButton.h">
      <Filter>头文件</Filter>
    </ClInclude>
    <ClInclude Include="AccountFriendDlg.h">
      <Filter>头文件</Filter>
    </ClInclude>
    <ClInclude Include="AddFriend.h">
      <Filter>头文件</Filter>
    </ClInclude>
    <ClInclude Include="ChangePassDlg.h">
      <Filter>头文件</Filter>
    </ClInclude>
    <ClInclude Include="AffairDlg.h">
      <Filter>头文件</Filter>
    </ClInclude>
    <ClInclude Include="BookDlg.h">
      <Filter>头文件</Filter>
    </ClInclude>
    <ClInclude Include="MainDlg.h">
      <Filter>头文件</Filter>
    </ClInclude>
    <ClInclude Include="MovieDlg.h">
      <Filter>头文件</Filter>
    </ClInclude>
    <ClInclude Include="FileSizeDlg.h">
      <Filter>头文件</Filter>
    </ClInclude>
    <ClInclude Include="AuthorInfoDlg.h">
      <Filter>头文件</Filter>
    </ClInclude>
  </ItemGroup>
  <ItemGroup>
    <ClCompile Include="Durian.cpp">
      <Filter>源文件</Filter>
    </ClCompile>
    <ClCompile Include="DurianDlg.cpp">
      <Filter>源文件</Filter>
    </ClCompile>
    <ClCompile Include="stdafx.cpp">
      <Filter>源文件</Filter>
    </ClCompile>
    <ClCompile Include="TabSheet.cpp">
      <Filter>源文件</Filter>
    </ClCompile>
    <ClCompile Include="ScrollDialog.cpp">
      <Filter>源文件</Filter>
    </ClCompile>
    <ClCompile Include="ControllerEdit.cpp">
      <Filter>源文件</Filter>
    </ClCompile>
    <ClCompile Include="User.cpp">
      <Filter>源文件</Filter>
    </ClCompile>
    <ClCompile Include="DatabaseADO.cpp">
      <Filter>源文件</Filter>
    </ClCompile>
    <ClCompile Include="LoginDlg.cpp">
      <Filter>源文件</Filter>
    </ClCompile>
    <ClCompile Include="RegisterDlg.cpp">
      <Filter>源文件</Filter>
    </ClCompile>
    <ClCompile Include="MasterStatic.cpp">
      <Filter>源文件</Filter>
    </ClCompile>
    <ClCompile Include="FileManage.cpp">
      <Filter>源文件</Filter>
    </ClCompile>
    <ClCompile Include="CreateItemDlg.cpp">
      <Filter>源文件</Filter>
    </ClCompile>
    <ClCompile Include="AddressDlg.cpp">
      <Filter>源文件</Filter>
    </ClCompile>
    <ClCompile Include="ItemDetailDlg.cpp">
      <Filter>源文件</Filter>
    </ClCompile>
    <ClCompile Include="CommentDlg.cpp">
      <Filter>源文件</Filter>
    </ClCompile>
    <ClCompile Include="AccountManageDlg.cpp">
      <Filter>源文件</Filter>
    </ClCompile>
    <ClCompile Include="AccountInfoDlg.cpp">
      <Filter>源文件</Filter>
    </ClCompile>
    <ClCompile Include="MessageDlg.cpp">
      <Filter>源文件</Filter>
    </ClCompile>
    <ClCompile Include="DurianButton.cpp">
      <Filter>源文件</Filter>
    </ClCompile>
    <ClCompile Include="RateButton.cpp">
      <Filter>源文件</Filter>
    </ClCompile>
    <ClCompile Include="AccountFriendDlg.cpp">
      <Filter>源文件</Filter>
    </ClCompile>
    <ClCompile Include="AddFriend.cpp">
      <Filter>源文件</Filter>
    </ClCompile>
    <ClCompile Include="ChangePassDlg.cpp">
      <Filter>源文件</Filter>
    </ClCompile>
    <ClCompile Include="AffairDlg.cpp">
      <Filter>源文件</Filter>
    </ClCompile>
    <ClCompile Include="BookDlg.cpp">
      <Filter>源文件</Filter>
    </ClCompile>
    <ClCompile Include="MainDlg.cpp">
      <Filter>源文件</Filter>
    </ClCompile>
    <ClCompile Include="MovieDlg.cpp">
      <Filter>源文件</Filter>
    </ClCompile>
    <ClCompile Include="FileSizeDlg.cpp">
      <Filter>源文件</Filter>
    </ClCompile>
    <ClCompile Include="AuthorInfoDlg.cpp">
      <Filter>源文件</Filter>
    </ClCompile>
  </ItemGroup>
  <ItemGroup>
    <ResourceCompile Include="Durian.rc">
      <Filter>资源文件</Filter>
    </ResourceCompile>
  </ItemGroup>
  <ItemGroup>
    <None Include="res\Durian.rc2">
      <Filter>资源文件</Filter>
    </None>
  </ItemGroup>
  <ItemGroup>
    <Image Include="res\Durian.ico">
      <Filter>资源文件</Filter>
    </Image>
    <Image Include="res\durian.bmp">
      <Filter>资源文件</Filter>
    </Image>
    <Image Include="res\sucai\panda.ico">
      <Filter>资源文件</Filter>
    </Image>
    <Image Include="res\panda.ico">
      <Filter>资源文件</Filter>
    </Image>
    <Image Include="res\sucai\panda.png">
      <Filter>资源文件</Filter>
    </Image>
    <Image Include="res\star.ico">
      <Filter>资源文件</Filter>
    </Image>
    <Image Include="..\..\durian - 透明.png">
      <Filter>资源文件</Filter>
    </Image>
    <Image Include="..\..\durian - 透明.ico">
      <Filter>资源文件</Filter>
    </Image>
    <Image Include="res\durian - trans.ico">
      <Filter>资源文件</Filter>
    </Image>
  </ItemGroup>
</Project>